// !$*UTF8*$!
{
	archiveVersion = 1;
	classes = {
	};
	objectVersion = 50;
	objects = {

/* Begin PBXBuildFile section */
		ADD117B12103314B0006FB3D /* AppDelegate.swift in Sources */ = {isa = PBXBuildFile; fileRef = ADD117B02103314B0006FB3D /* AppDelegate.swift */; };
		ADD117B32103314B0006FB3D /* ViewController.swift in Sources */ = {isa = PBXBuildFile; fileRef = ADD117B22103314B0006FB3D /* ViewController.swift */; };
		ADD117B62103314B0006FB3D /* Main.storyboard in Resources */ = {isa = PBXBuildFile; fileRef = ADD117B42103314B0006FB3D /* Main.storyboard */; };
		ADD117B82103314B0006FB3D /* Assets.xcassets in Resources */ = {isa = PBXBuildFile; fileRef = ADD117B72103314B0006FB3D /* Assets.xcassets */; };
		ADD117BB2103314B0006FB3D /* LaunchScreen.storyboard in Resources */ = {isa = PBXBuildFile; fileRef = ADD117B92103314B0006FB3D /* LaunchScreen.storyboard */; };
		ADD117C62103314B0006FB3D /* SwiftLecture02Tests.swift in Sources */ = {isa = PBXBuildFile; fileRef = ADD117C52103314B0006FB3D /* SwiftLecture02Tests.swift */; };
		ADD117D12103314B0006FB3D /* SwiftLecture02UITests.swift in Sources */ = {isa = PBXBuildFile; fileRef = ADD117D02103314B0006FB3D /* SwiftLecture02UITests.swift */; };
/* End PBXBuildFile section */

/* Begin PBXContainerItemProxy section */
		ADD117C22103314B0006FB3D /* PBXContainerItemProxy */ = {
			isa = PBXContainerItemProxy;
			containerPortal = ADD117A52103314A0006FB3D /* Project object */;
			proxyType = 1;
			remoteGlobalIDString = ADD117AC2103314B0006FB3D;
			remoteInfo = SwiftLecture02;
		};
		ADD117CD2103314B0006FB3D /* PBXContainerItemProxy */ = {
			isa = PBXContainerItemProxy;
			containerPortal = ADD117A52103314A0006FB3D /* Project object */;
			proxyType = 1;
			remoteGlobalIDString = ADD117AC2103314B0006FB3D;
			remoteInfo = SwiftLecture02;
		};
/* End PBXContainerItemProxy section */

/* Begin PBXFileReference section */
		ADD117AD2103314B0006FB3D /* SwiftLecture02.app */ = {isa = PBXFileReference; explicitFileType = wrapper.application; includeInIndex = 0; path = SwiftLecture02.app; sourceTree = BUILT_PRODUCTS_DIR; };
		ADD117B02103314B0006FB3D /* AppDelegate.swift */ = {isa = PBXFileReference; lastKnownFileType = sourcecode.swift; path = AppDelegate.swift; sourceTree = "<group>"; };
		ADD117B22103314B0006FB3D /* ViewController.swift */ = {isa = PBXFileReference; lastKnownFileType = sourcecode.swift; path = ViewController.swift; sourceTree = "<group>"; };
		ADD117B52103314B0006FB3D /* Base */ = {isa = PBXFileReference; lastKnownFileType = file.storyboard; name = Base; path = Base.lproj/Main.storyboard; sourceTree = "<group>"; };
		ADD117B72103314B0006FB3D /* Assets.xcassets */ = {isa = PBXFileReference; lastKnownFileType = folder.assetcatalog; path = Assets.xcassets; sourceTree = "<group>"; };
		ADD117BA2103314B0006FB3D /* Base */ = {isa = PBXFileReference; lastKnownFileType = file.storyboard; name = Base; path = Base.lproj/LaunchScreen.storyboard; sourceTree = "<group>"; };
		ADD117BC2103314B0006FB3D /* Info.plist */ = {isa = PBXFileReference; lastKnownFileType = text.plist.xml; path = Info.plist; sourceTree = "<group>"; };
		ADD117C12103314B0006FB3D /* SwiftLecture02Tests.xctest */ = {isa = PBXFileReference; explicitFileType = wrapper.cfbundle; includeInIndex = 0; path = SwiftLecture02Tests.xctest; sourceTree = BUILT_PRODUCTS_DIR; };
		ADD117C52103314B0006FB3D /* SwiftLecture02Tests.swift */ = {isa = PBXFileReference; lastKnownFileType = sourcecode.swift; path = SwiftLecture02Tests.swift; sourceTree = "<group>"; };
		ADD117C72103314B0006FB3D /* Info.plist */ = {isa = PBXFileReference; lastKnownFileType = text.plist.xml; path = Info.plist; sourceTree = "<group>"; };
		ADD117CC2103314B0006FB3D /* SwiftLecture02UITests.xctest */ = {isa = PBXFileReference; explicitFileType = wrapper.cfbundle; includeInIndex = 0; path = SwiftLecture02UITests.xctest; sourceTree = BUILT_PRODUCTS_DIR; };
		ADD117D02103314B0006FB3D /* SwiftLecture02UITests.swift */ = {isa = PBXFileReference; lastKnownFileType = sourcecode.swift; path = SwiftLecture02UITests.swift; sourceTree = "<group>"; };
		ADD117D22103314B0006FB3D /* Info.plist */ = {isa = PBXFileReference; lastKnownFileType = text.plist.xml; path = Info.plist; sourceTree = "<group>"; };
/* End PBXFileReference section */

/* Begin PBXFrameworksBuildPhase section */
		ADD117AA2103314B0006FB3D /* Frameworks */ = {
			isa = PBXFrameworksBuildPhase;
			buildActionMask = 2147483647;
			files = (
			);
			runOnlyForDeploymentPostprocessing = 0;
		};
		ADD117BE2103314B0006FB3D /* Frameworks */ = {
			isa = PBXFrameworksBuildPhase;
			buildActionMask = 2147483647;
			files = (
			);
			runOnlyForDeploymentPostprocessing = 0;
		};
		ADD117C92103314B0006FB3D /* Frameworks */ = {
			isa = PBXFrameworksBuildPhase;
			buildActionMask = 2147483647;
			files = (
			);
			runOnlyForDeploymentPostprocessing = 0;
		};
/* End PBXFrameworksBuildPhase section */

/* Begin PBXGroup section */
		ADD117A42103314A0006FB3D = {
			isa = PBXGroup;
			children = (
				ADD117AF2103314B0006FB3D /* SwiftLecture02 */,
				ADD117C42103314B0006FB3D /* SwiftLecture02Tests */,
				ADD117CF2103314B0006FB3D /* SwiftLecture02UITests */,
				ADD117AE2103314B0006FB3D /* Products */,
			);
			sourceTree = "<group>";
		};
		ADD117AE2103314B0006FB3D /* Products */ = {
			isa = PBXGroup;
			children = (
				ADD117AD2103314B0006FB3D /* SwiftLecture02.app */,
				ADD117C12103314B0006FB3D /* SwiftLecture02Tests.xctest */,
				ADD117CC2103314B0006FB3D /* SwiftLecture02UITests.xctest */,
			);
			name = Products;
			sourceTree = "<group>";
		};
		ADD117AF2103314B0006FB3D /* SwiftLecture02 */ = {
			isa = PBXGroup;
			children = (
				ADD117B02103314B0006FB3D /* AppDelegate.swift */,
				ADD117B22103314B0006FB3D /* ViewController.swift */,
				ADD117B42103314B0006FB3D /* Main.storyboard */,
				ADD117B72103314B0006FB3D /* Assets.xcassets */,
				ADD117B92103314B0006FB3D /* LaunchScreen.storyboard */,
				ADD117BC2103314B0006FB3D /* Info.plist */,
			);
			path = SwiftLecture02;
			sourceTree = "<group>";
		};
		ADD117C42103314B0006FB3D /* SwiftLecture02Tests */ = {
			isa = PBXGroup;
			children = (
				ADD117C52103314B0006FB3D /* SwiftLecture02Tests.swift */,
				ADD117C72103314B0006FB3D /* Info.plist */,
			);
			path = SwiftLecture02Tests;
			sourceTree = "<group>";
		};
		ADD117CF2103314B0006FB3D /* SwiftLecture02UITests */ = {
			isa = PBXGroup;
			children = (
				ADD117D02103314B0006FB3D /* SwiftLecture02UITests.swift */,
				ADD117D22103314B0006FB3D /* Info.plist */,
			);
			path = SwiftLecture02UITests;
			sourceTree = "<group>";
		};
/* End PBXGroup section */

/* Begin PBXNativeTarget section */
		ADD117AC2103314B0006FB3D /* SwiftLecture02 */ = {
			isa = PBXNativeTarget;
			buildConfigurationList = ADD117D52103314B0006FB3D /* Build configuration list for PBXNativeTarget "SwiftLecture02" */;
			buildPhases = (
				ADD117A92103314B0006FB3D /* Sources */,
				ADD117AA2103314B0006FB3D /* Frameworks */,
				ADD117AB2103314B0006FB3D /* Resources */,
			);
			buildRules = (
			);
			dependencies = (
			);
			name = SwiftLecture02;
			productName = SwiftLecture02;
			productReference = ADD117AD2103314B0006FB3D /* SwiftLecture02.app */;
			productType = "com.apple.product-type.application";
		};
		ADD117C02103314B0006FB3D /* SwiftLecture02Tests */ = {
			isa = PBXNativeTarget;
			buildConfigurationList = ADD117D82103314B0006FB3D /* Build configuration list for PBXNativeTarget "SwiftLecture02Tests" */;
			buildPhases = (
				ADD117BD2103314B0006FB3D /* Sources */,
				ADD117BE2103314B0006FB3D /* Frameworks */,
				ADD117BF2103314B0006FB3D /* Resources */,
			);
			buildRules = (
			);
			dependencies = (
				ADD117C32103314B0006FB3D /* PBXTargetDependency */,
			);
			name = SwiftLecture02Tests;
			productName = SwiftLecture02Tests;
			productReference = ADD117C12103314B0006FB3D /* SwiftLecture02Tests.xctest */;
			productType = "com.apple.product-type.bundle.unit-test";
		};
		ADD117CB2103314B0006FB3D /* SwiftLecture02UITests */ = {
			isa = PBXNativeTarget;
			buildConfigurationList = ADD117DB2103314B0006FB3D /* Build configuration list for PBXNativeTarget "SwiftLecture02UITests" */;
			buildPhases = (
				ADD117C82103314B0006FB3D /* Sources */,
				ADD117C92103314B0006FB3D /* Frameworks */,
				ADD117CA2103314B0006FB3D /* Resources */,
			);
			buildRules = (
			);
			dependencies = (
				ADD117CE2103314B0006FB3D /* PBXTargetDependency */,
			);
			name = SwiftLecture02UITests;
			productName = SwiftLecture02UITests;
			productReference = ADD117CC2103314B0006FB3D /* SwiftLecture02UITests.xctest */;
			productType = "com.apple.product-type.bundle.ui-testing";
		};
/* End PBXNativeTarget section */

/* Begin PBXProject section */
		ADD117A52103314A0006FB3D /* Project object */ = {
			isa = PBXProject;
			attributes = {
				LastSwiftUpdateCheck = 0940;
				LastUpgradeCheck = 0940;
				ORGANIZATIONNAME = stu1;
				TargetAttributes = {
					ADD117AC2103314B0006FB3D = {
						CreatedOnToolsVersion = 9.4;
					};
					ADD117C02103314B0006FB3D = {
						CreatedOnToolsVersion = 9.4;
						TestTargetID = ADD117AC2103314B0006FB3D;
					};
					ADD117CB2103314B0006FB3D = {
						CreatedOnToolsVersion = 9.4;
						TestTargetID = ADD117AC2103314B0006FB3D;
					};
				};
			};
			buildConfigurationList = ADD117A82103314A0006FB3D /* Build configuration list for PBXProject "SwiftLecture02" */;
			compatibilityVersion = "Xcode 9.3";
			developmentRegion = en;
			hasScannedForEncodings = 0;
			knownRegions = (
				en,
				Base,
			);
			mainGroup = ADD117A42103314A0006FB3D;
			productRefGroup = ADD117AE2103314B0006FB3D /* Products */;
			projectDirPath = "";
			projectRoot = "";
			targets = (
				ADD117AC2103314B0006FB3D /* SwiftLecture02 */,
				ADD117C02103314B0006FB3D /* SwiftLecture02Tests */,
				ADD117CB2103314B0006FB3D /* SwiftLecture02UITests */,
			);
		};
/* End PBXProject section */

/* Begin PBXResourcesBuildPhase section */
		ADD117AB2103314B0006FB3D /* Resources */ = {
			isa = PBXResourcesBuildPhase;
			buildActionMask = 2147483647;
			files = (
				ADD117BB2103314B0006FB3D /* LaunchScreen.storyboard in Resources */,
				ADD117B82103314B0006FB3D /* Assets.xcassets in Resources */,
				ADD117B62103314B0006FB3D /* Main.storyboard in Resources */,
			);
			runOnlyForDeploymentPostprocessing = 0;
		};
		ADD117BF2103314B0006FB3D /* Resources */ = {
			isa = PBXResourcesBuildPhase;
			buildActionMask = 2147483647;
			files = (
			);
			runOnlyForDeploymentPostprocessing = 0;
		};
		ADD117CA2103314B0006FB3D /* Resources */ = {
			isa = PBXResourcesBuildPhase;
			buildActionMask = 2147483647;
			files = (
			);
			runOnlyForDeploymentPostprocessing = 0;
		};
/* End PBXResourcesBuildPhase section */

/* Begin PBXSourcesBuildPhase section */
		ADD117A92103314B0006FB3D /* Sources */ = {
			isa = PBXSourcesBuildPhase;
			buildActionMask = 2147483647;
			files = (
				ADD117B32103314B0006FB3D /* ViewController.swift in Sources */,
				ADD117B12103314B0006FB3D /* AppDelegate.swift in Sources */,
			);
			runOnlyForDeploymentPostprocessing = 0;
		};
		ADD117BD2103314B0006FB3D /* Sources */ = {
			isa = PBXSourcesBuildPhase;
			buildActionMask = 2147483647;
			files = (
				ADD117C62103314B0006FB3D /* SwiftLecture02Tests.swift in Sources */,
			);
			runOnlyForDeploymentPostprocessing = 0;
		};
		ADD117C82103314B0006FB3D /* Sources */ = {
			isa = PBXSourcesBuildPhase;
			buildActionMask = 2147483647;
			files = (
				ADD117D12103314B0006FB3D /* SwiftLecture02UITests.swift in Sources */,
			);
			runOnlyForDeploymentPostprocessing = 0;
		};
/* End PBXSourcesBuildPhase section */

/* Begin PBXTargetDependency section */
		ADD117C32103314B0006FB3D /* PBXTargetDependency */ = {
			isa = PBXTargetDependency;
			target = ADD117AC2103314B0006FB3D /* SwiftLecture02 */;
			targetProxy = ADD117C22103314B0006FB3D /* PBXContainerItemProxy */;
		};
		ADD117CE2103314B0006FB3D /* PBXTargetDependency */ = {
			isa = PBXTargetDependency;
			target = ADD117AC2103314B0006FB3D /* SwiftLecture02 */;
			targetProxy = ADD117CD2103314B0006FB3D /* PBXContainerItemProxy */;
		};
/* End PBXTargetDependency section */

/* Begin PBXVariantGroup section */
		ADD117B42103314B0006FB3D /* Main.storyboard */ = {
			isa = PBXVariantGroup;
			children = (
				ADD117B52103314B0006FB3D /* Base */,
			);
			name = Main.storyboard;
			sourceTree = "<group>";
		};
		ADD117B92103314B0006FB3D /* LaunchScreen.storyboard */ = {
			isa = PBXVariantGroup;
			children = (
				ADD117BA2103314B0006FB3D /* Base */,
			);
			name = LaunchScreen.storyboard;
			sourceTree = "<group>";
		};
/* End PBXVariantGroup section */

/* Begin XCBuildConfiguration section */
		ADD117D32103314B0006FB3D /* Debug */ = {
			isa = XCBuildConfiguration;
			buildSettings = {
				ALWAYS_SEARCH_USER_PATHS = NO;
				CLANG_ANALYZER_NONNULL = YES;
				CLANG_ANALYZER_NUMBER_OBJECT_CONVERSION = YES_AGGRESSIVE;
				CLANG_CXX_LANGUAGE_STANDARD = "gnu++14";
				CLANG_CXX_LIBRARY = "libc++";
				CLANG_ENABLE_MODULES = YES;
				CLANG_ENABLE_OBJC_ARC = YES;
				CLANG_ENABLE_OBJC_WEAK = YES;
				CLANG_WARN_BLOCK_CAPTURE_AUTORELEASING = YES;
				CLANG_WARN_BOOL_CONVERSION = YES;
				CLANG_WARN_COMMA = YES;
				CLANG_WARN_CONSTANT_CONVERSION = YES;
				CLANG_WARN_DEPRECATED_OBJC_IMPLEMENTATIONS = YES;
				CLANG_WARN_DIRECT_OBJC_ISA_USAGE = YES_ERROR;
				CLANG_WARN_DOCUMENTATION_COMMENTS = YES;
				CLANG_WARN_EMPTY_BODY = YES;
				CLANG_WARN_ENUM_CONVERSION = YES;
				CLANG_WARN_INFINITE_RECURSION = YES;
				CLANG_WARN_INT_CONVERSION = YES;
				CLANG_WARN_NON_LITERAL_NULL_CONVERSION = YES;
				CLANG_WARN_OBJC_IMPLICIT_RETAIN_SELF = YES;
				CLANG_WARN_OBJC_LITERAL_CONVERSION = YES;
				CLANG_WARN_OBJC_ROOT_CLASS = YES_ERROR;
				CLANG_WARN_RANGE_LOOP_ANALYSIS = YES;
				CLANG_WARN_STRICT_PROTOTYPES = YES;
				CLANG_WARN_SUSPICIOUS_MOVE = YES;
				CLANG_WARN_UNGUARDED_AVAILABILITY = YES_AGGRESSIVE;
				CLANG_WARN_UNREACHABLE_CODE = YES;
				CLANG_WARN__DUPLICATE_METHOD_MATCH = YES;
				CODE_SIGN_IDENTITY = "iPhone Developer";
				COPY_PHASE_STRIP = NO;
				DEBUG_INFORMATION_FORMAT = dwarf;
				ENABLE_STRICT_OBJC_MSGSEND = YES;
				ENABLE_TESTABILITY = YES;
				GCC_C_LANGUAGE_STANDARD = gnu11;
				GCC_DYNAMIC_NO_PIC = NO;
				GCC_NO_COMMON_BLOCKS = YES;
				GCC_OPTIMIZATION_LEVEL = 0;
				GCC_PREPROCESSOR_DEFINITIONS = (
					"DEBUG=1",
					"$(inherited)",
				);
				GCC_WARN_64_TO_32_BIT_CONVERSION = YES;
				GCC_WARN_ABOUT_RETURN_TYPE = YES_ERROR;
				GCC_WARN_UNDECLARED_SELECTOR = YES;
				GCC_WARN_UNINITIALIZED_AUTOS = YES_AGGRESSIVE;
				GCC_WARN_UNUSED_FUNCTION = YES;
				GCC_WARN_UNUSED_VARIABLE = YES;
				IPHONEOS_DEPLOYMENT_TARGET = 11.4;
				MTL_ENABLE_DEBUG_INFO = YES;
				ONLY_ACTIVE_ARCH = YES;
				SDKROOT = iphoneos;
				SWIFT_ACTIVE_COMPILATION_CONDITIONS = DEBUG;
				SWIFT_OPTIMIZATION_LEVEL = "-Onone";
			};
			name = Debug;
		};
		ADD117D42103314B0006FB3D /* Release */ = {
			isa = XCBuildConfiguration;
			buildSettings = {
				ALWAYS_SEARCH_USER_PATHS = NO;
				CLANG_ANALYZER_NONNULL = YES;
				CLANG_ANALYZER_NUMBER_OBJECT_CONVERSION = YES_AGGRESSIVE;
				CLANG_CXX_LANGUAGE_STANDARD = "gnu++14";
				CLANG_CXX_LIBRARY = "libc++";
				CLANG_ENABLE_MODULES = YES;
				CLANG_ENABLE_OBJC_ARC = YES;
				CLANG_ENABLE_OBJC_WEAK = YES;
				CLANG_WARN_BLOCK_CAPTURE_AUTORELEASING = YES;
				CLANG_WARN_BOOL_CONVERSION = YES;
				CLANG_WARN_COMMA = YES;
				CLANG_WARN_CONSTANT_CONVERSION = YES;
				CLANG_WARN_DEPRECATED_OBJC_IMPLEMENTATIONS = YES;
				CLANG_WARN_DIRECT_OBJC_ISA_USAGE = YES_ERROR;
				CLANG_WARN_DOCUMENTATION_COMMENTS = YES;
				CLANG_WARN_EMPTY_BODY = YES;
				CLANG_WARN_ENUM_CONVERSION = YES;
				CLANG_WARN_INFINITE_RECURSION = YES;
				CLANG_WARN_INT_CONVERSION = YES;
				CLANG_WARN_NON_LITERAL_NULL_CONVERSION = YES;
				CLANG_WARN_OBJC_IMPLICIT_RETAIN_SELF = YES;
				CLANG_WARN_OBJC_LITERAL_CONVERSION = YES;
				CLANG_WARN_OBJC_ROOT_CLASS = YES_ERROR;
				CLANG_WARN_RANGE_LOOP_ANALYSIS = YES;
				CLANG_WARN_STRICT_PROTOTYPES = YES;
				CLANG_WARN_SUSPICIOUS_MOVE = YES;
				CLANG_WARN_UNGUARDED_AVAILABILITY = YES_AGGRESSIVE;
				CLANG_WARN_UNREACHABLE_CODE = YES;
				CLANG_WARN__DUPLICATE_METHOD_MATCH = YES;
				CODE_SIGN_IDENTITY = "iPhone Developer";
				COPY_PHASE_STRIP = NO;
				DEBUG_INFORMATION_FORMAT = "dwarf-with-dsym";
				ENABLE_NS_ASSERTIONS = NO;
				ENABLE_STRICT_OBJC_MSGSEND = YES;
				GCC_C_LANGUAGE_STANDARD = gnu11;
				GCC_NO_COMMON_BLOCKS = YES;
				GCC_WARN_64_TO_32_BIT_CONVERSION = YES;
				GCC_WARN_ABOUT_RETURN_TYPE = YES_ERROR;
				GCC_WARN_UNDECLARED_SELECTOR = YES;
				GCC_WARN_UNINITIALIZED_AUTOS = YES_AGGRESSIVE;
				GCC_WARN_UNUSED_FUNCTION = YES;
				GCC_WARN_UNUSED_VARIABLE = YES;
				IPHONEOS_DEPLOYMENT_TARGET = 11.4;
				MTL_ENABLE_DEBUG_INFO = NO;
				SDKROOT = iphoneos;
				SWIFT_COMPILATION_MODE = wholemodule;
				SWIFT_OPTIMIZATION_LEVEL = "-O";
				VALIDATE_PRODUCT = YES;
			};
			name = Release;
		};
		ADD117D62103314B0006FB3D /* Debug */ = {
			isa = XCBuildConfiguration;
			buildSettings = {
				ASSETCATALOG_COMPILER_APPICON_NAME = AppIcon;
				CODE_SIGN_STYLE = Automatic;
				INFOPLIST_FILE = SwiftLecture02/Info.plist;
				LD_RUNPATH_SEARCH_PATHS = (
					"$(inherited)",
					"@executable_path/Frameworks",
				);
				PRODUCT_BUNDLE_IDENTIFIER = aa.SwiftLecture02;
				PRODUCT_NAME = "$(TARGET_NAME)";
				SWIFT_VERSION = 4.0;
				TARGETED_DEVICE_FAMILY = "1,2";
			};
			name = Debug;
		};
		ADD117D72103314B0006FB3D /* Release */ = {
			isa = XCBuildConfiguration;
			buildSettings = {
				ASSETCATALOG_COMPILER_APPICON_NAME = AppIcon;
				CODE_SIGN_STYLE = Automatic;
				INFOPLIST_FILE = SwiftLecture02/Info.plist;
				LD_RUNPATH_SEARCH_PATHS = (
					"$(inherited)",
					"@executable_path/Frameworks",
				);
				PRODUCT_BUNDLE_IDENTIFIER = aa.SwiftLecture02;
				PRODUCT_NAME = "$(TARGET_NAME)";
				SWIFT_VERSION = 4.0;
				TARGETED_DEVICE_FAMILY = "1,2";
			};
			name = Release;
		};
		ADD117D92103314B0006FB3D /* Debug */ = {
			isa = XCBuildConfiguration;
			buildSettings = {
				ALWAYS_EMBED_SWIFT_STANDARD_LIBRARIES = YES;
				BUNDLE_LOADER = "$(TEST_HOST)";
				CODE_SIGN_STYLE = Automatic;
				INFOPLIST_FILE = SwiftLecture02Tests/Info.plist;
				LD_RUNPATH_SEARCH_PATHS = (
					"$(inherited)",
					"@executable_path/Frameworks",
					"@loader_path/Frameworks",
				);
				PRODUCT_BUNDLE_IDENTIFIER = aa.SwiftLecture02Tests;
				PRODUCT_NAME = "$(TARGET_NAME)";
				SWIFT_VERSION = 4.0;
				TARGETED_DEVICE_FAMILY = "1,2";
				TEST_HOST = "$(BUILT_PRODUCTS_DIR)/SwiftLecture02.app/SwiftLecture02";
			};
			name = Debug;
		};
		ADD117DA2103314B0006FB3D /* Release */ = {
			isa = XCBuildConfiguration;
			buildSettings = {
				ALWAYS_EMBED_SWIFT_STANDARD_LIBRARIES = YES;
				BUNDLE_LOADER = "$(TEST_HOST)";
				CODE_SIGN_STYLE = Automatic;
				INFOPLIST_FILE = SwiftLecture02Tests/Info.plist;
				LD_RUNPATH_SEARCH_PATHS = (
					"$(inherited)",
					"@executable_path/Frameworks",
					"@loader_path/Frameworks",
				);
				PRODUCT_BUNDLE_IDENTIFIER = aa.SwiftLecture02Tests;
				PRODUCT_NAME = "$(TARGET_NAME)";
				SWIFT_VERSION = 4.0;
				TARGETED_DEVICE_FAMILY = "1,2";
				TEST_HOST = "$(BUILT_PRODUCTS_DIR)/SwiftLecture02.app/SwiftLecture02";
			};
			name = Release;
		};
		ADD117DC2103314B0006FB3D /* Debug */ = {
			isa = XCBuildConfiguration;
			buildSettings = {
				ALWAYS_EMBED_SWIFT_STANDARD_LIBRARIES = YES;
				CODE_SIGN_STYLE = Automatic;
				INFOPLIST_FILE = SwiftLecture02UITests/Info.plist;
				LD_RUNPATH_SEARCH_PATHS = (
					"$(inherited)",
					"@executable_path/Frameworks",
					"@loader_path/Frameworks",
				);
				PRODUCT_BUNDLE_IDENTIFIER = aa.SwiftLecture02UITests;
				PRODUCT_NAME = "$(TARGET_NAME)";
				SWIFT_VERSION = 4.0;
				TARGETED_DEVICE_FAMILY = "1,2";
				TEST_TARGET_NAME = SwiftLecture02;
			};
			name = Debug;
		};
		ADD117DD2103314B0006FB3D /* Release */ = {
			isa = XCBuildConfiguration;
			buildSettings = {
				ALWAYS_EMBED_SWIFT_STANDARD_LIBRARIES = YES;
				CODE_SIGN_STYLE = Automatic;
				INFOPLIST_FILE = SwiftLecture02UITests/Info.plist;
				LD_RUNPATH_SEARCH_PATHS = (
					"$(inherited)",
					"@executable_path/Frameworks",
					"@loader_path/Frameworks",
				);
				PRODUCT_BUNDLE_IDENTIFIER = aa.SwiftLecture02UITests;
				PRODUCT_NAME = "$(TARGET_NAME)";
				SWIFT_VERSION = 4.0;
				TARGETED_DEVICE_FAMILY = "1,2";
				TEST_TARGET_NAME = SwiftLecture02;
			};
			name = Release;
		};
/* End XCBuildConfiguration section */

/* Begin XCConfigurationList section */
		ADD117A82103314A0006FB3D /* Build configuration list for PBXProject "SwiftLecture02" */ = {
			isa = XCConfigurationList;
			buildConfigurations = (
				ADD117D32103314B0006FB3D /* Debug */,
				ADD117D42103314B0006FB3D /* Release */,
			);
			defaultConfigurationIsVisible = 0;
			defaultConfigurationName = Release;
		};
		ADD117D52103314B0006FB3D /* Build configuration list for PBXNativeTarget "SwiftLecture02" */ = {
			isa = XCConfigurationList;
			buildConfigurations = (
				ADD117D62103314B0006FB3D /* Debug */,
				ADD117D72103314B0006FB3D /* Release */,
			);
			defaultConfigurationIsVisible = 0;
			defaultConfigurationName = Release;
		};
		ADD117D82103314B0006FB3D /* Build configuration list for PBXNativeTarget "SwiftLecture02Tests" */ = {
			isa = XCConfigurationList;
			buildConfigurations = (
				ADD117D92103314B0006FB3D /* Debug */,
				ADD117DA2103314B0006FB3D /* Release */,
			);
			defaultConfigurationIsVisible = 0;
			defaultConfigurationName = Release;
		};
		ADD117DB2103314B0006FB3D /* Build configuration list for PBXNativeTarget "SwiftLecture02UITests" */ = {
			isa = XCConfigurationList;
			buildConfigurations = (
				ADD117DC2103314B0006FB3D /* Debug */,
				ADD117DD2103314B0006FB3D /* Release */,
			);
			defaultConfigurationIsVisible = 0;
			defaultConfigurationName = Release;
		};
/* End XCConfigurationList section */
	};
	rootObject = ADD117A52103314A0006FB3D /* Project object */;
}
